
Microsoft Visual Studio Solution File, Format Version 12.00
# Visual Studio 15
VisualStudioVersion = 15.0.28307.102
MinimumVisualStudioVersion = 10.0.40219.1
Project("{FAE04EC0-301F-11D3-BF4B-00C04F79EFBC}") = "aspcore-website-nginx", "aspcore-website-nginx\aspcore-website-nginx.csproj", "{7E200853-0AD8-41DA-8D25-220B85583124}"
EndProject
Global
	GlobalSection(SolutionConfigurationPlatforms) = preSolution
		Debug|Any CPU = Debug|Any CPU
		Release|Any CPU = Release|Any CPU
	EndGlobalSection
	GlobalSection(ProjectConfigurationPlatforms) = postSolution
		{7E200853-0AD8-41DA-8D25-220B85583124}.Debug|Any CPU.ActiveCfg = Debug|Any CPU
		{7E200853-0AD8-41DA-8D25-220B85583124}.Debug|Any CPU.Build.0 = Debug|Any CPU
		{7E200853-0AD8-41DA-8D25-220B85583124}.Release|Any CPU.ActiveCfg = Release|Any CPU
		{7E200853-0AD8-41DA-8D25-220B85583124}.Release|Any CPU.Build.0 = Release|Any CPU
	EndGlobalSection
	GlobalSection(SolutionProperties) = preSolution
		HideSolutionNode = FALSE
	EndGlobalSection
	GlobalSection(ExtensibilityGlobals) = postSolution
		SolutionGuid = {47469A47-C326-436B-8D9C-11C3E7D7FE71}
	EndGlobalSection
EndGlobal
