
Microsoft Visual Studio Solution File, Format Version 12.00
# Visual Studio 15
VisualStudioVersion = 15.0.28307.102
MinimumVisualStudioVersion = 10.0.40219.1
Project("{9A19103F-16F7-4668-BE54-9A1E7A4F7556}") = "BackendApi", "BackendApi\BackendApi.csproj", "{196BCDF7-7E06-4E52-9EC0-DFC7B7275649}"
EndProject
Project("{FAE04EC0-301F-11D3-BF4B-00C04F79EFBC}") = "UI", "UI\UI.csproj", "{A6DE4B89-039E-4B40-8DC4-36F2F3C5A23E}"
EndProject
Global
	GlobalSection(SolutionConfigurationPlatforms) = preSolution
		Debug|Any CPU = Debug|Any CPU
		Release|Any CPU = Release|Any CPU
	EndGlobalSection
	GlobalSection(ProjectConfigurationPlatforms) = postSolution
		{196BCDF7-7E06-4E52-9EC0-DFC7B7275649}.Debug|Any CPU.ActiveCfg = Debug|Any CPU
		{196BCDF7-7E06-4E52-9EC0-DFC7B7275649}.Debug|Any CPU.Build.0 = Debug|Any CPU
		{196BCDF7-7E06-4E52-9EC0-DFC7B7275649}.Release|Any CPU.ActiveCfg = Release|Any CPU
		{196BCDF7-7E06-4E52-9EC0-DFC7B7275649}.Release|Any CPU.Build.0 = Release|Any CPU
		{A6DE4B89-039E-4B40-8DC4-36F2F3C5A23E}.Debug|Any CPU.ActiveCfg = Debug|Any CPU
		{A6DE4B89-039E-4B40-8DC4-36F2F3C5A23E}.Debug|Any CPU.Build.0 = Debug|Any CPU
		{A6DE4B89-039E-4B40-8DC4-36F2F3C5A23E}.Release|Any CPU.ActiveCfg = Release|Any CPU
		{A6DE4B89-039E-4B40-8DC4-36F2F3C5A23E}.Release|Any CPU.Build.0 = Release|Any CPU
	EndGlobalSection
	GlobalSection(SolutionProperties) = preSolution
		HideSolutionNode = FALSE
	EndGlobalSection
	GlobalSection(ExtensibilityGlobals) = postSolution
		SolutionGuid = {209709EF-9000-4902-BBD7-11621C34A06F}
	EndGlobalSection
EndGlobal
